
Microsoft Visual Studio Solution File, Format Version 12.00
# Visual Studio Version 16
VisualStudioVersion = 17.0.31611.283
MinimumVisualStudioVersion = 10.0.40219.1
Project("{FAE04EC0-301F-11D3-BF4B-00C04F79EFBC}") = "CosmosExplorer.Core", "CosmosExplorer.Core\CosmosExplorer.Core.csproj", "{A31714F5-330B-4BCE-ACFD-F69B6FEFF044}"
EndProject
Project("{FAE04EC0-301F-11D3-BF4B-00C04F79EFBC}") = "CosmosExplorer.Blazor", "CosmosExplorer.Blazor\CosmosExplorer.Blazor.csproj", "{98AD8C95-CBB3-4FDD-BDF6-81313D0E640E}"
EndProject
Project("{FAE04EC0-301F-11D3-BF4B-00C04F79EFBC}") = "CosmosExplorer.Infrastructure", "CosmosExplorer.Infrastructure\CosmosExplorer.Infrastructure.csproj", "{3A98F476-FEB5-45AC-886F-C4E69EEF461F}"
EndProject
Project("{FAE04EC0-301F-11D3-BF4B-00C04F79EFBC}") = "CosmosExplorer.Domain", "CosmosExplorer.Domain\CosmosExplorer.Domain.csproj", "{5C30FD97-5F25-47C7-8F53-1FE4E2C51475}"
EndProject
Project("{FAE04EC0-301F-11D3-BF4B-00C04F79EFBC}") = "CosmosExplorer.Avalonia", "CosmosExplorer.Avalonia\CosmosExplorer.Avalonia.csproj", "{C8372812-CB9D-4D85-92BF-9FE8187B3E18}"
EndProject
Global
	GlobalSection(SolutionConfigurationPlatforms) = preSolution
		Debug|Any CPU = Debug|Any CPU
		Release|Any CPU = Release|Any CPU
	EndGlobalSection
	GlobalSection(ProjectConfigurationPlatforms) = postSolution
		{C5A454E3-B869-4063-AE13-BEE468093875}.Debug|Any CPU.ActiveCfg = Debug|Any CPU
		{C5A454E3-B869-4063-AE13-BEE468093875}.Debug|Any CPU.Build.0 = Debug|Any CPU
		{C5A454E3-B869-4063-AE13-BEE468093875}.Release|Any CPU.ActiveCfg = Release|Any CPU
		{C5A454E3-B869-4063-AE13-BEE468093875}.Release|Any CPU.Build.0 = Release|Any CPU
		{F36B6C59-0839-4E83-A22F-41BCA1948D24}.Debug|Any CPU.ActiveCfg = Debug|Any CPU
		{F36B6C59-0839-4E83-A22F-41BCA1948D24}.Debug|Any CPU.Build.0 = Debug|Any CPU
		{F36B6C59-0839-4E83-A22F-41BCA1948D24}.Release|Any CPU.ActiveCfg = Release|Any CPU
		{F36B6C59-0839-4E83-A22F-41BCA1948D24}.Release|Any CPU.Build.0 = Release|Any CPU
		{A31714F5-330B-4BCE-ACFD-F69B6FEFF044}.Debug|Any CPU.ActiveCfg = Debug|Any CPU
		{A31714F5-330B-4BCE-ACFD-F69B6FEFF044}.Debug|Any CPU.Build.0 = Debug|Any CPU
		{A31714F5-330B-4BCE-ACFD-F69B6FEFF044}.Release|Any CPU.ActiveCfg = Release|Any CPU
		{A31714F5-330B-4BCE-ACFD-F69B6FEFF044}.Release|Any CPU.Build.0 = Release|Any CPU
		{98AD8C95-CBB3-4FDD-BDF6-81313D0E640E}.Debug|Any CPU.ActiveCfg = Debug|Any CPU
		{98AD8C95-CBB3-4FDD-BDF6-81313D0E640E}.Debug|Any CPU.Build.0 = Debug|Any CPU
		{98AD8C95-CBB3-4FDD-BDF6-81313D0E640E}.Release|Any CPU.ActiveCfg = Release|Any CPU
		{98AD8C95-CBB3-4FDD-BDF6-81313D0E640E}.Release|Any CPU.Build.0 = Release|Any CPU
		{3A98F476-FEB5-45AC-886F-C4E69EEF461F}.Debug|Any CPU.ActiveCfg = Debug|Any CPU
		{3A98F476-FEB5-45AC-886F-C4E69EEF461F}.Debug|Any CPU.Build.0 = Debug|Any CPU
		{3A98F476-FEB5-45AC-886F-C4E69EEF461F}.Release|Any CPU.ActiveCfg = Release|Any CPU
		{3A98F476-FEB5-45AC-886F-C4E69EEF461F}.Release|Any CPU.Build.0 = Release|Any CPU
		{5C30FD97-5F25-47C7-8F53-1FE4E2C51475}.Debug|Any CPU.ActiveCfg = Debug|Any CPU
		{5C30FD97-5F25-47C7-8F53-1FE4E2C51475}.Debug|Any CPU.Build.0 = Debug|Any CPU
		{5C30FD97-5F25-47C7-8F53-1FE4E2C51475}.Release|Any CPU.ActiveCfg = Release|Any CPU
		{5C30FD97-5F25-47C7-8F53-1FE4E2C51475}.Release|Any CPU.Build.0 = Release|Any CPU
		{C8372812-CB9D-4D85-92BF-9FE8187B3E18}.Debug|Any CPU.ActiveCfg = Debug|Any CPU
		{C8372812-CB9D-4D85-92BF-9FE8187B3E18}.Debug|Any CPU.Build.0 = Debug|Any CPU
		{C8372812-CB9D-4D85-92BF-9FE8187B3E18}.Release|Any CPU.ActiveCfg = Release|Any CPU
		{C8372812-CB9D-4D85-92BF-9FE8187B3E18}.Release|Any CPU.Build.0 = Release|Any CPU
		{A648102E-033A-4382-88ED-121C0D011A87}.Debug|Any CPU.ActiveCfg = Debug|Any CPU
		{A648102E-033A-4382-88ED-121C0D011A87}.Debug|Any CPU.Build.0 = Debug|Any CPU
		{A648102E-033A-4382-88ED-121C0D011A87}.Release|Any CPU.ActiveCfg = Release|Any CPU
		{A648102E-033A-4382-88ED-121C0D011A87}.Release|Any CPU.Build.0 = Release|Any CPU
		{F06CC2AB-99EC-49C2-BCDA-C2E95FE1475D}.Debug|Any CPU.ActiveCfg = Debug|iPhoneSimulator
		{F06CC2AB-99EC-49C2-BCDA-C2E95FE1475D}.Debug|Any CPU.Build.0 = Debug|iPhoneSimulator
		{F06CC2AB-99EC-49C2-BCDA-C2E95FE1475D}.Release|Any CPU.ActiveCfg = Release|iPhoneSimulator
		{F06CC2AB-99EC-49C2-BCDA-C2E95FE1475D}.Release|Any CPU.Build.0 = Release|iPhoneSimulator
		{FA461E5C-9782-454B-9496-0F601B7CAE21}.Debug|Any CPU.ActiveCfg = Debug|x86
		{FA461E5C-9782-454B-9496-0F601B7CAE21}.Debug|Any CPU.Build.0 = Debug|x86
		{FA461E5C-9782-454B-9496-0F601B7CAE21}.Release|Any CPU.ActiveCfg = Release|x86
		{FA461E5C-9782-454B-9496-0F601B7CAE21}.Release|Any CPU.Build.0 = Release|x86
		{7B1096C6-BA5C-4DF3-8548-1F0C750D2DD6}.Debug|Any CPU.ActiveCfg = Debug|iPhoneSimulator
		{7B1096C6-BA5C-4DF3-8548-1F0C750D2DD6}.Debug|Any CPU.Build.0 = Debug|iPhoneSimulator
		{7B1096C6-BA5C-4DF3-8548-1F0C750D2DD6}.Release|Any CPU.ActiveCfg = Release|iPhoneSimulator
		{7B1096C6-BA5C-4DF3-8548-1F0C750D2DD6}.Release|Any CPU.Build.0 = Release|iPhoneSimulator
		{DA0A64B0-30EF-4986-BD72-8F19936E3B98}.Debug|Any CPU.ActiveCfg = Debug|Any CPU
		{DA0A64B0-30EF-4986-BD72-8F19936E3B98}.Debug|Any CPU.Build.0 = Debug|Any CPU
		{DA0A64B0-30EF-4986-BD72-8F19936E3B98}.Release|Any CPU.ActiveCfg = Release|Any CPU
		{DA0A64B0-30EF-4986-BD72-8F19936E3B98}.Release|Any CPU.Build.0 = Release|Any CPU
		{38A483B5-0949-46EF-9254-E152C8981C93}.Debug|Any CPU.ActiveCfg = Debug|Any CPU
		{38A483B5-0949-46EF-9254-E152C8981C93}.Debug|Any CPU.Build.0 = Debug|Any CPU
		{38A483B5-0949-46EF-9254-E152C8981C93}.Release|Any CPU.ActiveCfg = Release|Any CPU
		{38A483B5-0949-46EF-9254-E152C8981C93}.Release|Any CPU.Build.0 = Release|Any CPU
		{7CA3CD19-122E-447E-A4CB-294667CC6F94}.Debug|Any CPU.ActiveCfg = Debug|Any CPU
		{7CA3CD19-122E-447E-A4CB-294667CC6F94}.Debug|Any CPU.Build.0 = Debug|Any CPU
		{7CA3CD19-122E-447E-A4CB-294667CC6F94}.Release|Any CPU.ActiveCfg = Release|Any CPU
		{7CA3CD19-122E-447E-A4CB-294667CC6F94}.Release|Any CPU.Build.0 = Release|Any CPU
		{1D2FF1AB-056C-4B07-80AF-3385ACE76C36}.Debug|Any CPU.ActiveCfg = Debug|Any CPU
		{1D2FF1AB-056C-4B07-80AF-3385ACE76C36}.Debug|Any CPU.Build.0 = Debug|Any CPU
		{1D2FF1AB-056C-4B07-80AF-3385ACE76C36}.Release|Any CPU.ActiveCfg = Release|Any CPU
		{1D2FF1AB-056C-4B07-80AF-3385ACE76C36}.Release|Any CPU.Build.0 = Release|Any CPU
		{6161DEBE-9C06-45E5-BDDF-49B83E2A22EB}.Debug|Any CPU.ActiveCfg = Debug|Any CPU
		{6161DEBE-9C06-45E5-BDDF-49B83E2A22EB}.Debug|Any CPU.Build.0 = Debug|Any CPU
		{6161DEBE-9C06-45E5-BDDF-49B83E2A22EB}.Release|Any CPU.ActiveCfg = Release|Any CPU
		{6161DEBE-9C06-45E5-BDDF-49B83E2A22EB}.Release|Any CPU.Build.0 = Release|Any CPU
	EndGlobalSection
	GlobalSection(SolutionProperties) = preSolution
		HideSolutionNode = FALSE
	EndGlobalSection
	GlobalSection(ExtensibilityGlobals) = postSolution
		SolutionGuid = {61F7FB11-1E47-470C-91E2-47F8143E1572}
	EndGlobalSection
EndGlobal
