
Microsoft Visual Studio Solution File, Format Version 12.00
# Visual Studio Version 16
VisualStudioVersion = 17.0.31611.283
MinimumVisualStudioVersion = 10.0.40219.1
Project("{FAE04EC0-301F-11D3-BF4B-00C04F79EFBC}") = "CosmosExplorer.Core", "CosmosExplorer.Core\CosmosExplorer.Core.csproj", "{A31714F5-330B-4BCE-ACFD-F69B6FEFF044}"
EndProject
Project("{FAE04EC0-301F-11D3-BF4B-00C04F79EFBC}") = "CosmosExplorer.Infrastructure", "CosmosExplorer.Infrastructure\CosmosExplorer.Infrastructure.csproj", "{3A98F476-FEB5-45AC-886F-C4E69EEF461F}"
EndProject
Project("{FAE04EC0-301F-11D3-BF4B-00C04F79EFBC}") = "CosmosExplorer.Domain", "CosmosExplorer.Domain\CosmosExplorer.Domain.csproj", "{5C30FD97-5F25-47C7-8F53-1FE4E2C51475}"
EndProject
Project("{FAE04EC0-301F-11D3-BF4B-00C04F79EFBC}") = "CosmosExplorer.Avalonia", "CosmosExplorer.Avalonia\CosmosExplorer.Avalonia.csproj", "{C8372812-CB9D-4D85-92BF-9FE8187B3E18}"
EndProject
Global
	GlobalSection(SolutionConfigurationPlatforms) = preSolution
		Debug|Any CPU = Debug|Any CPU
		Release|Any CPU = Release|Any CPU
	EndGlobalSection
	GlobalSection(ProjectConfigurationPlatforms) = postSolution
		{A31714F5-330B-4BCE-ACFD-F69B6FEFF044}.Debug|Any CPU.ActiveCfg = Debug|Any CPU
		{A31714F5-330B-4BCE-ACFD-F69B6FEFF044}.Debug|Any CPU.Build.0 = Debug|Any CPU
		{A31714F5-330B-4BCE-ACFD-F69B6FEFF044}.Release|Any CPU.ActiveCfg = Release|Any CPU
		{A31714F5-330B-4BCE-ACFD-F69B6FEFF044}.Release|Any CPU.Build.0 = Release|Any CPU
		{3A98F476-FEB5-45AC-886F-C4E69EEF461F}.Debug|Any CPU.ActiveCfg = Debug|Any CPU
		{3A98F476-FEB5-45AC-886F-C4E69EEF461F}.Debug|Any CPU.Build.0 = Debug|Any CPU
		{3A98F476-FEB5-45AC-886F-C4E69EEF461F}.Release|Any CPU.ActiveCfg = Release|Any CPU
		{3A98F476-FEB5-45AC-886F-C4E69EEF461F}.Release|Any CPU.Build.0 = Release|Any CPU
		{5C30FD97-5F25-47C7-8F53-1FE4E2C51475}.Debug|Any CPU.ActiveCfg = Debug|Any CPU
		{5C30FD97-5F25-47C7-8F53-1FE4E2C51475}.Debug|Any CPU.Build.0 = Debug|Any CPU
		{5C30FD97-5F25-47C7-8F53-1FE4E2C51475}.Release|Any CPU.ActiveCfg = Release|Any CPU
		{5C30FD97-5F25-47C7-8F53-1FE4E2C51475}.Release|Any CPU.Build.0 = Release|Any CPU
		{C8372812-CB9D-4D85-92BF-9FE8187B3E18}.Debug|Any CPU.ActiveCfg = Debug|Any CPU
		{C8372812-CB9D-4D85-92BF-9FE8187B3E18}.Debug|Any CPU.Build.0 = Debug|Any CPU
		{C8372812-CB9D-4D85-92BF-9FE8187B3E18}.Release|Any CPU.ActiveCfg = Release|Any CPU
		{C8372812-CB9D-4D85-92BF-9FE8187B3E18}.Release|Any CPU.Build.0 = Release|Any CPU
	EndGlobalSection
	GlobalSection(SolutionProperties) = preSolution
		HideSolutionNode = FALSE
	EndGlobalSection
	GlobalSection(ExtensibilityGlobals) = postSolution
		SolutionGuid = {61F7FB11-1E47-470C-91E2-47F8143E1572}
	EndGlobalSection
EndGlobal
